
Microsoft Visual Studio Solution File, Format Version 12.00
# Visual Studio Version 17
VisualStudioVersion = 17.5.33424.131
MinimumVisualStudioVersion = 10.0.40219.1
Project("{9092AA53-FB77-4645-B42D-1CCCA6BD08BD}") = "LocalizR", "LocalizR.njsproj", "{6987471E-1FC5-4B4A-AC66-A954C6480051}"
EndProject
Global
	GlobalSection(SolutionConfigurationPlatforms) = preSolution
		Debug|Any CPU = Debug|Any CPU
		Release|Any CPU = Release|Any CPU
	EndGlobalSection
	GlobalSection(ProjectConfigurationPlatforms) = postSolution
		{6987471E-1FC5-4B4A-AC66-A954C6480051}.Debug|Any CPU.ActiveCfg = Debug|Any CPU
		{6987471E-1FC5-4B4A-AC66-A954C6480051}.Debug|Any CPU.Build.0 = Debug|Any CPU
		{6987471E-1FC5-4B4A-AC66-A954C6480051}.Release|Any CPU.ActiveCfg = Release|Any CPU
		{6987471E-1FC5-4B4A-AC66-A954C6480051}.Release|Any CPU.Build.0 = Release|Any CPU
	EndGlobalSection
	GlobalSection(SolutionProperties) = preSolution
		HideSolutionNode = FALSE
	EndGlobalSection
	GlobalSection(ExtensibilityGlobals) = postSolution
		SolutionGuid = {43F454AE-7B18-4B40-B90E-C5DC62BA5DC6}
	EndGlobalSection
EndGlobal
